Microsoft Visual Studio Solution File, Format Version 12.00
# Visual Studio Version 17
VisualStudioVersion = 17.5.2.0
MinimumVisualStudioVersion = 10.0.40219.1
Project("{2150E333-8FDC-42A3-9474-1A3956D46DE8}") = "packages", "packages", "{809F86A1-1C4C-B159-0CD4-DF9D33D876CE}"
EndProject
Project("{FAE04EC0-301F-11D3-BF4B-00C04F79EFBC}") = "ContentCartographer.Core", "packages\ContentCartographer.Core\ContentCartographer.Core.csproj", "{F7592B19-BB78-6C93-8FDD-721593F912DA}"
EndProject
Global
	GlobalSection(SolutionConfigurationPlatforms) = preSolution
		Debug|Any CPU = Debug|Any CPU
		Release|Any CPU = Release|Any CPU
	EndGlobalSection
	GlobalSection(ProjectConfigurationPlatforms) = postSolution
		{F7592B19-BB78-6C93-8FDD-721593F912DA}.Debug|Any CPU.ActiveCfg = Debug|Any CPU
		{F7592B19-BB78-6C93-8FDD-721593F912DA}.Debug|Any CPU.Build.0 = Debug|Any CPU
		{F7592B19-BB78-6C93-8FDD-721593F912DA}.Release|Any CPU.ActiveCfg = Release|Any CPU
		{F7592B19-BB78-6C93-8FDD-721593F912DA}.Release|Any CPU.Build.0 = Release|Any CPU
	EndGlobalSection
	GlobalSection(SolutionProperties) = preSolution
		HideSolutionNode = FALSE
	EndGlobalSection
	GlobalSection(NestedProjects) = preSolution
		{F7592B19-BB78-6C93-8FDD-721593F912DA} = {809F86A1-1C4C-B159-0CD4-DF9D33D876CE}
	EndGlobalSection
	GlobalSection(ExtensibilityGlobals) = postSolution
		SolutionGuid = {D885F140-2D02-43C3-8843-90C413CA521E}
	EndGlobalSection
EndGlobal
